
Microsoft Visual Studio Solution File, Format Version 12.00
# Visual Studio Version 16
VisualStudioVersion = 16.0.29709.97
MinimumVisualStudioVersion = 10.0.40219.1
Project("{FAE04EC0-301F-11D3-BF4B-00C04F79EFBC}") = "TwinsGroupInfo", "TwinsGroupInfo.csproj", "{1DC2D8A3-97CD-49DC-A4CF-04DEE1E8A683}"
EndProject
Global
	GlobalSection(SolutionConfigurationPlatforms) = preSolution
		Debug|Any CPU = Debug|Any CPU
		Release|Any CPU = Release|Any CPU
	EndGlobalSection
	GlobalSection(ProjectConfigurationPlatforms) = postSolution
		{1DC2D8A3-97CD-49DC-A4CF-04DEE1E8A683}.Debug|Any CPU.ActiveCfg = Debug|Any CPU
		{1DC2D8A3-97CD-49DC-A4CF-04DEE1E8A683}.Debug|Any CPU.Build.0 = Debug|Any CPU
		{1DC2D8A3-97CD-49DC-A4CF-04DEE1E8A683}.Release|Any CPU.ActiveCfg = Release|Any CPU
		{1DC2D8A3-97CD-49DC-A4CF-04DEE1E8A683}.Release|Any CPU.Build.0 = Release|Any CPU
	EndGlobalSection
	GlobalSection(SolutionProperties) = preSolution
		HideSolutionNode = FALSE
	EndGlobalSection
	GlobalSection(ExtensibilityGlobals) = postSolution
		SolutionGuid = {62075B87-F860-4040-96A1-641EF42893EC}
	EndGlobalSection
EndGlobal
